
Microsoft Visual Studio Solution File, Format Version 12.00
# Visual Studio 15
VisualStudioVersion = 15.0.27130.2010
MinimumVisualStudioVersion = 10.0.40219.1
Project("{2150E333-8FDC-42A3-9474-1A3956D46DE8}") = "Instalador", "Instalador", "{2D8DCBC7-FBBB-4542-BCA3-B640A482590F}"
EndProject
Project("{FAE04EC0-301F-11D3-BF4B-00C04F79EFBC}") = "Selia.Integrador.Adapter", "Adapter\Selia.Integrador.Adapter.csproj", "{9B3C5179-0252-4463-9BB7-9732C28B8E8E}"
EndProject
Project("{FAE04EC0-301F-11D3-BF4B-00C04F79EFBC}") = "Selia.Integrador.BS", "BS\Selia.Integrador.BS.csproj", "{F66FA76A-75C3-42DE-A25F-F60A56513E4A}"
EndProject
Project("{FAE04EC0-301F-11D3-BF4B-00C04F79EFBC}") = "Selia.Integrador.DAL", "DAL\Selia.Integrador.DAL.csproj", "{7C22DFBC-E72C-42C1-AC0D-A6D47B351500}"
EndProject
Project("{FAE04EC0-301F-11D3-BF4B-00C04F79EFBC}") = "Selia.Integrador.Model", "Model\Selia.Integrador.Model.csproj", "{F50EDA5F-FFAA-4563-A8B0-65AB30E7E248}"
EndProject
Project("{FAE04EC0-301F-11D3-BF4B-00C04F79EFBC}") = "Selia.Integrador.Utils", "Selia.Integrador.Utils\Selia.Integrador.Utils.csproj", "{D7947D7C-7A4E-4B65-8DDD-9CFCBB376620}"
EndProject
Project("{FAE04EC0-301F-11D3-BF4B-00C04F79EFBC}") = "TestIntegrador", "TestIntegrador\TestIntegrador.csproj", "{701B1CD5-DC07-43BE-8045-19579838D934}"
EndProject
Project("{FAE04EC0-301F-11D3-BF4B-00C04F79EFBC}") = "Selia.Integrador.Test", "Selia.Integrador.Test\Selia.Integrador.Test.csproj", "{DF43E0F3-CC14-4A23-BF7D-A7460125421C}"
EndProject
Project("{FAE04EC0-301F-11D3-BF4B-00C04F79EFBC}") = "Selia.Integrador.WebTest", "Selia.Integrador.WebTest\Selia.Integrador.WebTest.csproj", "{B9CF43FB-2C0C-41A5-BBE8-E9EFF0C577B0}"
EndProject
Project("{FAE04EC0-301F-11D3-BF4B-00C04F79EFBC}") = "Monitor", "Monitor\Monitor.csproj", "{470D28E9-8088-457D-8F19-33BEFAB7D116}"
EndProject
Project("{FAE04EC0-301F-11D3-BF4B-00C04F79EFBC}") = "Selia.Integrador.Profit", "Selia.Integrador.Profit\Selia.Integrador.Profit.csproj", "{A2DD1DD7-EB44-486F-AC7E-5F8B07D182CD}"
EndProject
Project("{FAE04EC0-301F-11D3-BF4B-00C04F79EFBC}") = "Selia.Integrador.ConnectionMonitor", "ConnectionMonitor\Selia.Integrador.ConnectionMonitor.csproj", "{425BA05F-9334-4ED8-8679-3B8662DB8654}"
EndProject
Project("{FAE04EC0-301F-11D3-BF4B-00C04F79EFBC}") = "Selia.Integrador", "Selia.Integrador\Selia.Integrador.csproj", "{B4E2AA68-1EFF-410B-B14C-E0EA18BCA751}"
EndProject
Global
	GlobalSection(SolutionConfigurationPlatforms) = preSolution
		CD_ROM|Any CPU = CD_ROM|Any CPU
		CD_ROM|Mixed Platforms = CD_ROM|Mixed Platforms
		CD_ROM|x64 = CD_ROM|x64
		CD_ROM|x86 = CD_ROM|x86
		Debug|Any CPU = Debug|Any CPU
		Debug|Mixed Platforms = Debug|Mixed Platforms
		Debug|x64 = Debug|x64
		Debug|x86 = Debug|x86
		DVD-5|Any CPU = DVD-5|Any CPU
		DVD-5|Mixed Platforms = DVD-5|Mixed Platforms
		DVD-5|x64 = DVD-5|x64
		DVD-5|x86 = DVD-5|x86
		Homologacao|Any CPU = Homologacao|Any CPU
		Homologacao|Mixed Platforms = Homologacao|Mixed Platforms
		Homologacao|x64 = Homologacao|x64
		Homologacao|x86 = Homologacao|x86
		Producao|Any CPU = Producao|Any CPU
		Producao|Mixed Platforms = Producao|Mixed Platforms
		Producao|x64 = Producao|x64
		Producao|x86 = Producao|x86
		Release|Any CPU = Release|Any CPU
		Release|Mixed Platforms = Release|Mixed Platforms
		Release|x64 = Release|x64
		Release|x86 = Release|x86
		SingleImage|Any CPU = SingleImage|Any CPU
		SingleImage|Mixed Platforms = SingleImage|Mixed Platforms
		SingleImage|x64 = SingleImage|x64
		SingleImage|x86 = SingleImage|x86
	EndGlobalSection
	GlobalSection(ProjectConfigurationPlatforms) = postSolution
		{9B3C5179-0252-4463-9BB7-9732C28B8E8E}.CD_ROM|Any CPU.ActiveCfg = Producao|Any CPU
		{9B3C5179-0252-4463-9BB7-9732C28B8E8E}.CD_ROM|Any CPU.Build.0 = Producao|Any CPU
		{9B3C5179-0252-4463-9BB7-9732C28B8E8E}.CD_ROM|Mixed Platforms.ActiveCfg = Producao|Any CPU
		{9B3C5179-0252-4463-9BB7-9732C28B8E8E}.CD_ROM|Mixed Platforms.Build.0 = Producao|Any CPU
		{9B3C5179-0252-4463-9BB7-9732C28B8E8E}.CD_ROM|x64.ActiveCfg = Release|Any CPU
		{9B3C5179-0252-4463-9BB7-9732C28B8E8E}.CD_ROM|x86.ActiveCfg = Producao|Any CPU
		{9B3C5179-0252-4463-9BB7-9732C28B8E8E}.Debug|Any CPU.ActiveCfg = Debug|Any CPU
		{9B3C5179-0252-4463-9BB7-9732C28B8E8E}.Debug|Any CPU.Build.0 = Debug|Any CPU
		{9B3C5179-0252-4463-9BB7-9732C28B8E8E}.Debug|Mixed Platforms.ActiveCfg = Debug|Any CPU
		{9B3C5179-0252-4463-9BB7-9732C28B8E8E}.Debug|Mixed Platforms.Build.0 = Debug|Any CPU
		{9B3C5179-0252-4463-9BB7-9732C28B8E8E}.Debug|x64.ActiveCfg = Debug|Any CPU
		{9B3C5179-0252-4463-9BB7-9732C28B8E8E}.Debug|x86.ActiveCfg = Debug|Any CPU
		{9B3C5179-0252-4463-9BB7-9732C28B8E8E}.DVD-5|Any CPU.ActiveCfg = Debug|Any CPU
		{9B3C5179-0252-4463-9BB7-9732C28B8E8E}.DVD-5|Any CPU.Build.0 = Debug|Any CPU
		{9B3C5179-0252-4463-9BB7-9732C28B8E8E}.DVD-5|Mixed Platforms.ActiveCfg = Debug|Any CPU
		{9B3C5179-0252-4463-9BB7-9732C28B8E8E}.DVD-5|Mixed Platforms.Build.0 = Debug|Any CPU
		{9B3C5179-0252-4463-9BB7-9732C28B8E8E}.DVD-5|x64.ActiveCfg = Debug|Any CPU
		{9B3C5179-0252-4463-9BB7-9732C28B8E8E}.DVD-5|x86.ActiveCfg = Debug|Any CPU
		{9B3C5179-0252-4463-9BB7-9732C28B8E8E}.Homologacao|Any CPU.ActiveCfg = Homologacao|Any CPU
		{9B3C5179-0252-4463-9BB7-9732C28B8E8E}.Homologacao|Any CPU.Build.0 = Homologacao|Any CPU
		{9B3C5179-0252-4463-9BB7-9732C28B8E8E}.Homologacao|Mixed Platforms.ActiveCfg = Release|Any CPU
		{9B3C5179-0252-4463-9BB7-9732C28B8E8E}.Homologacao|Mixed Platforms.Build.0 = Release|Any CPU
		{9B3C5179-0252-4463-9BB7-9732C28B8E8E}.Homologacao|x64.ActiveCfg = Homologacao|Any CPU
		{9B3C5179-0252-4463-9BB7-9732C28B8E8E}.Homologacao|x86.ActiveCfg = Release|Any CPU
		{9B3C5179-0252-4463-9BB7-9732C28B8E8E}.Producao|Any CPU.ActiveCfg = Producao|Any CPU
		{9B3C5179-0252-4463-9BB7-9732C28B8E8E}.Producao|Any CPU.Build.0 = Producao|Any CPU
		{9B3C5179-0252-4463-9BB7-9732C28B8E8E}.Producao|Mixed Platforms.ActiveCfg = Producao|Any CPU
		{9B3C5179-0252-4463-9BB7-9732C28B8E8E}.Producao|Mixed Platforms.Build.0 = Producao|Any CPU
		{9B3C5179-0252-4463-9BB7-9732C28B8E8E}.Producao|x64.ActiveCfg = Producao|Any CPU
		{9B3C5179-0252-4463-9BB7-9732C28B8E8E}.Producao|x86.ActiveCfg = Producao|Any CPU
		{9B3C5179-0252-4463-9BB7-9732C28B8E8E}.Release|Any CPU.ActiveCfg = Release|Any CPU
		{9B3C5179-0252-4463-9BB7-9732C28B8E8E}.Release|Any CPU.Build.0 = Release|Any CPU
		{9B3C5179-0252-4463-9BB7-9732C28B8E8E}.Release|Mixed Platforms.ActiveCfg = Release|Any CPU
		{9B3C5179-0252-4463-9BB7-9732C28B8E8E}.Release|Mixed Platforms.Build.0 = Release|Any CPU
		{9B3C5179-0252-4463-9BB7-9732C28B8E8E}.Release|x64.ActiveCfg = Release|Any CPU
		{9B3C5179-0252-4463-9BB7-9732C28B8E8E}.Release|x64.Build.0 = Release|Any CPU
		{9B3C5179-0252-4463-9BB7-9732C28B8E8E}.Release|x86.ActiveCfg = Release|Any CPU
		{9B3C5179-0252-4463-9BB7-9732C28B8E8E}.SingleImage|Any CPU.ActiveCfg = Producao|Any CPU
		{9B3C5179-0252-4463-9BB7-9732C28B8E8E}.SingleImage|Any CPU.Build.0 = Producao|Any CPU
		{9B3C5179-0252-4463-9BB7-9732C28B8E8E}.SingleImage|Mixed Platforms.ActiveCfg = Producao|Any CPU
		{9B3C5179-0252-4463-9BB7-9732C28B8E8E}.SingleImage|Mixed Platforms.Build.0 = Producao|Any CPU
		{9B3C5179-0252-4463-9BB7-9732C28B8E8E}.SingleImage|x64.ActiveCfg = Release|Any CPU
		{9B3C5179-0252-4463-9BB7-9732C28B8E8E}.SingleImage|x86.ActiveCfg = Producao|Any CPU
		{F66FA76A-75C3-42DE-A25F-F60A56513E4A}.CD_ROM|Any CPU.ActiveCfg = Release|Any CPU
		{F66FA76A-75C3-42DE-A25F-F60A56513E4A}.CD_ROM|Any CPU.Build.0 = Release|Any CPU
		{F66FA76A-75C3-42DE-A25F-F60A56513E4A}.CD_ROM|Mixed Platforms.ActiveCfg = Release|Any CPU
		{F66FA76A-75C3-42DE-A25F-F60A56513E4A}.CD_ROM|Mixed Platforms.Build.0 = Release|Any CPU
		{F66FA76A-75C3-42DE-A25F-F60A56513E4A}.CD_ROM|x64.ActiveCfg = Producao|Any CPU
		{F66FA76A-75C3-42DE-A25F-F60A56513E4A}.CD_ROM|x86.ActiveCfg = Release|Any CPU
		{F66FA76A-75C3-42DE-A25F-F60A56513E4A}.Debug|Any CPU.ActiveCfg = Debug|Any CPU
		{F66FA76A-75C3-42DE-A25F-F60A56513E4A}.Debug|Any CPU.Build.0 = Debug|Any CPU
		{F66FA76A-75C3-42DE-A25F-F60A56513E4A}.Debug|Mixed Platforms.ActiveCfg = Debug|Any CPU
		{F66FA76A-75C3-42DE-A25F-F60A56513E4A}.Debug|Mixed Platforms.Build.0 = Debug|Any CPU
		{F66FA76A-75C3-42DE-A25F-F60A56513E4A}.Debug|x64.ActiveCfg = Debug|Any CPU
		{F66FA76A-75C3-42DE-A25F-F60A56513E4A}.Debug|x86.ActiveCfg = Debug|Any CPU
		{F66FA76A-75C3-42DE-A25F-F60A56513E4A}.DVD-5|Any CPU.ActiveCfg = Debug|Any CPU
		{F66FA76A-75C3-42DE-A25F-F60A56513E4A}.DVD-5|Any CPU.Build.0 = Debug|Any CPU
		{F66FA76A-75C3-42DE-A25F-F60A56513E4A}.DVD-5|Mixed Platforms.ActiveCfg = Debug|Any CPU
		{F66FA76A-75C3-42DE-A25F-F60A56513E4A}.DVD-5|Mixed Platforms.Build.0 = Debug|Any CPU
		{F66FA76A-75C3-42DE-A25F-F60A56513E4A}.DVD-5|x64.ActiveCfg = Debug|Any CPU
		{F66FA76A-75C3-42DE-A25F-F60A56513E4A}.DVD-5|x86.ActiveCfg = Debug|Any CPU
		{F66FA76A-75C3-42DE-A25F-F60A56513E4A}.Homologacao|Any CPU.ActiveCfg = Homologacao|Any CPU
		{F66FA76A-75C3-42DE-A25F-F60A56513E4A}.Homologacao|Any CPU.Build.0 = Homologacao|Any CPU
		{F66FA76A-75C3-42DE-A25F-F60A56513E4A}.Homologacao|Mixed Platforms.ActiveCfg = Homologacao|Any CPU
		{F66FA76A-75C3-42DE-A25F-F60A56513E4A}.Homologacao|Mixed Platforms.Build.0 = Homologacao|Any CPU
		{F66FA76A-75C3-42DE-A25F-F60A56513E4A}.Homologacao|x64.ActiveCfg = Homologacao|Any CPU
		{F66FA76A-75C3-42DE-A25F-F60A56513E4A}.Homologacao|x86.ActiveCfg = Homologacao|Any CPU
		{F66FA76A-75C3-42DE-A25F-F60A56513E4A}.Producao|Any CPU.ActiveCfg = Producao|Any CPU
		{F66FA76A-75C3-42DE-A25F-F60A56513E4A}.Producao|Any CPU.Build.0 = Producao|Any CPU
		{F66FA76A-75C3-42DE-A25F-F60A56513E4A}.Producao|Mixed Platforms.ActiveCfg = Producao|Any CPU
		{F66FA76A-75C3-42DE-A25F-F60A56513E4A}.Producao|Mixed Platforms.Build.0 = Producao|Any CPU
		{F66FA76A-75C3-42DE-A25F-F60A56513E4A}.Producao|x64.ActiveCfg = Producao|Any CPU
		{F66FA76A-75C3-42DE-A25F-F60A56513E4A}.Producao|x86.ActiveCfg = Producao|Any CPU
		{F66FA76A-75C3-42DE-A25F-F60A56513E4A}.Release|Any CPU.ActiveCfg = Release|Any CPU
		{F66FA76A-75C3-42DE-A25F-F60A56513E4A}.Release|Any CPU.Build.0 = Release|Any CPU
		{F66FA76A-75C3-42DE-A25F-F60A56513E4A}.Release|Mixed Platforms.ActiveCfg = Release|Any CPU
		{F66FA76A-75C3-42DE-A25F-F60A56513E4A}.Release|Mixed Platforms.Build.0 = Release|Any CPU
		{F66FA76A-75C3-42DE-A25F-F60A56513E4A}.Release|x64.ActiveCfg = Release|Any CPU
		{F66FA76A-75C3-42DE-A25F-F60A56513E4A}.Release|x64.Build.0 = Release|Any CPU
		{F66FA76A-75C3-42DE-A25F-F60A56513E4A}.Release|x86.ActiveCfg = Release|Any CPU
		{F66FA76A-75C3-42DE-A25F-F60A56513E4A}.SingleImage|Any CPU.ActiveCfg = Release|Any CPU
		{F66FA76A-75C3-42DE-A25F-F60A56513E4A}.SingleImage|Any CPU.Build.0 = Release|Any CPU
		{F66FA76A-75C3-42DE-A25F-F60A56513E4A}.SingleImage|Mixed Platforms.ActiveCfg = Release|Any CPU
		{F66FA76A-75C3-42DE-A25F-F60A56513E4A}.SingleImage|Mixed Platforms.Build.0 = Release|Any CPU
		{F66FA76A-75C3-42DE-A25F-F60A56513E4A}.SingleImage|x64.ActiveCfg = Producao|Any CPU
		{F66FA76A-75C3-42DE-A25F-F60A56513E4A}.SingleImage|x86.ActiveCfg = Release|Any CPU
		{7C22DFBC-E72C-42C1-AC0D-A6D47B351500}.CD_ROM|Any CPU.ActiveCfg = Release|Any CPU
		{7C22DFBC-E72C-42C1-AC0D-A6D47B351500}.CD_ROM|Any CPU.Build.0 = Release|Any CPU
		{7C22DFBC-E72C-42C1-AC0D-A6D47B351500}.CD_ROM|Mixed Platforms.ActiveCfg = Release|Any CPU
		{7C22DFBC-E72C-42C1-AC0D-A6D47B351500}.CD_ROM|Mixed Platforms.Build.0 = Release|Any CPU
		{7C22DFBC-E72C-42C1-AC0D-A6D47B351500}.CD_ROM|x64.ActiveCfg = Producao|Any CPU
		{7C22DFBC-E72C-42C1-AC0D-A6D47B351500}.CD_ROM|x86.ActiveCfg = Release|Any CPU
		{7C22DFBC-E72C-42C1-AC0D-A6D47B351500}.Debug|Any CPU.ActiveCfg = Debug|Any CPU
		{7C22DFBC-E72C-42C1-AC0D-A6D47B351500}.Debug|Any CPU.Build.0 = Debug|Any CPU
		{7C22DFBC-E72C-42C1-AC0D-A6D47B351500}.Debug|Mixed Platforms.ActiveCfg = Debug|Any CPU
		{7C22DFBC-E72C-42C1-AC0D-A6D47B351500}.Debug|Mixed Platforms.Build.0 = Debug|Any CPU
		{7C22DFBC-E72C-42C1-AC0D-A6D47B351500}.Debug|x64.ActiveCfg = Debug|Any CPU
		{7C22DFBC-E72C-42C1-AC0D-A6D47B351500}.Debug|x86.ActiveCfg = Debug|Any CPU
		{7C22DFBC-E72C-42C1-AC0D-A6D47B351500}.DVD-5|Any CPU.ActiveCfg = Debug|Any CPU
		{7C22DFBC-E72C-42C1-AC0D-A6D47B351500}.DVD-5|Any CPU.Build.0 = Debug|Any CPU
		{7C22DFBC-E72C-42C1-AC0D-A6D47B351500}.DVD-5|Mixed Platforms.ActiveCfg = Debug|Any CPU
		{7C22DFBC-E72C-42C1-AC0D-A6D47B351500}.DVD-5|Mixed Platforms.Build.0 = Debug|Any CPU
		{7C22DFBC-E72C-42C1-AC0D-A6D47B351500}.DVD-5|x64.ActiveCfg = Debug|Any CPU
		{7C22DFBC-E72C-42C1-AC0D-A6D47B351500}.DVD-5|x86.ActiveCfg = Debug|Any CPU
		{7C22DFBC-E72C-42C1-AC0D-A6D47B351500}.Homologacao|Any CPU.ActiveCfg = Homologacao|Any CPU
		{7C22DFBC-E72C-42C1-AC0D-A6D47B351500}.Homologacao|Any CPU.Build.0 = Homologacao|Any CPU
		{7C22DFBC-E72C-42C1-AC0D-A6D47B351500}.Homologacao|Mixed Platforms.ActiveCfg = Homologacao|Any CPU
		{7C22DFBC-E72C-42C1-AC0D-A6D47B351500}.Homologacao|Mixed Platforms.Build.0 = Homologacao|Any CPU
		{7C22DFBC-E72C-42C1-AC0D-A6D47B351500}.Homologacao|x64.ActiveCfg = Homologacao|Any CPU
		{7C22DFBC-E72C-42C1-AC0D-A6D47B351500}.Homologacao|x86.ActiveCfg = Homologacao|Any CPU
		{7C22DFBC-E72C-42C1-AC0D-A6D47B351500}.Producao|Any CPU.ActiveCfg = Producao|Any CPU
		{7C22DFBC-E72C-42C1-AC0D-A6D47B351500}.Producao|Any CPU.Build.0 = Producao|Any CPU
		{7C22DFBC-E72C-42C1-AC0D-A6D47B351500}.Producao|Mixed Platforms.ActiveCfg = Producao|Any CPU
		{7C22DFBC-E72C-42C1-AC0D-A6D47B351500}.Producao|Mixed Platforms.Build.0 = Producao|Any CPU
		{7C22DFBC-E72C-42C1-AC0D-A6D47B351500}.Producao|x64.ActiveCfg = Producao|Any CPU
		{7C22DFBC-E72C-42C1-AC0D-A6D47B351500}.Producao|x86.ActiveCfg = Producao|Any CPU
		{7C22DFBC-E72C-42C1-AC0D-A6D47B351500}.Release|Any CPU.ActiveCfg = Release|Any CPU
		{7C22DFBC-E72C-42C1-AC0D-A6D47B351500}.Release|Any CPU.Build.0 = Release|Any CPU
		{7C22DFBC-E72C-42C1-AC0D-A6D47B351500}.Release|Mixed Platforms.ActiveCfg = Release|Any CPU
		{7C22DFBC-E72C-42C1-AC0D-A6D47B351500}.Release|Mixed Platforms.Build.0 = Release|Any CPU
		{7C22DFBC-E72C-42C1-AC0D-A6D47B351500}.Release|x64.ActiveCfg = Release|Any CPU
		{7C22DFBC-E72C-42C1-AC0D-A6D47B351500}.Release|x64.Build.0 = Release|Any CPU
		{7C22DFBC-E72C-42C1-AC0D-A6D47B351500}.Release|x86.ActiveCfg = Release|Any CPU
		{7C22DFBC-E72C-42C1-AC0D-A6D47B351500}.SingleImage|Any CPU.ActiveCfg = Release|Any CPU
		{7C22DFBC-E72C-42C1-AC0D-A6D47B351500}.SingleImage|Any CPU.Build.0 = Release|Any CPU
		{7C22DFBC-E72C-42C1-AC0D-A6D47B351500}.SingleImage|Mixed Platforms.ActiveCfg = Release|Any CPU
		{7C22DFBC-E72C-42C1-AC0D-A6D47B351500}.SingleImage|Mixed Platforms.Build.0 = Release|Any CPU
		{7C22DFBC-E72C-42C1-AC0D-A6D47B351500}.SingleImage|x64.ActiveCfg = Producao|Any CPU
		{7C22DFBC-E72C-42C1-AC0D-A6D47B351500}.SingleImage|x86.ActiveCfg = Release|Any CPU
		{F50EDA5F-FFAA-4563-A8B0-65AB30E7E248}.CD_ROM|Any CPU.ActiveCfg = Release|Any CPU
		{F50EDA5F-FFAA-4563-A8B0-65AB30E7E248}.CD_ROM|Any CPU.Build.0 = Release|Any CPU
		{F50EDA5F-FFAA-4563-A8B0-65AB30E7E248}.CD_ROM|Mixed Platforms.ActiveCfg = Release|Any CPU
		{F50EDA5F-FFAA-4563-A8B0-65AB30E7E248}.CD_ROM|Mixed Platforms.Build.0 = Release|Any CPU
		{F50EDA5F-FFAA-4563-A8B0-65AB30E7E248}.CD_ROM|x64.ActiveCfg = Producao|Any CPU
		{F50EDA5F-FFAA-4563-A8B0-65AB30E7E248}.CD_ROM|x86.ActiveCfg = Release|Any CPU
		{F50EDA5F-FFAA-4563-A8B0-65AB30E7E248}.Debug|Any CPU.ActiveCfg = Debug|Any CPU
		{F50EDA5F-FFAA-4563-A8B0-65AB30E7E248}.Debug|Any CPU.Build.0 = Debug|Any CPU
		{F50EDA5F-FFAA-4563-A8B0-65AB30E7E248}.Debug|Mixed Platforms.ActiveCfg = Debug|Any CPU
		{F50EDA5F-FFAA-4563-A8B0-65AB30E7E248}.Debug|Mixed Platforms.Build.0 = Debug|Any CPU
		{F50EDA5F-FFAA-4563-A8B0-65AB30E7E248}.Debug|x64.ActiveCfg = Debug|Any CPU
		{F50EDA5F-FFAA-4563-A8B0-65AB30E7E248}.Debug|x86.ActiveCfg = Debug|Any CPU
		{F50EDA5F-FFAA-4563-A8B0-65AB30E7E248}.DVD-5|Any CPU.ActiveCfg = Debug|Any CPU
		{F50EDA5F-FFAA-4563-A8B0-65AB30E7E248}.DVD-5|Any CPU.Build.0 = Debug|Any CPU
		{F50EDA5F-FFAA-4563-A8B0-65AB30E7E248}.DVD-5|Mixed Platforms.ActiveCfg = Debug|Any CPU
		{F50EDA5F-FFAA-4563-A8B0-65AB30E7E248}.DVD-5|Mixed Platforms.Build.0 = Debug|Any CPU
		{F50EDA5F-FFAA-4563-A8B0-65AB30E7E248}.DVD-5|x64.ActiveCfg = Debug|Any CPU
		{F50EDA5F-FFAA-4563-A8B0-65AB30E7E248}.DVD-5|x86.ActiveCfg = Debug|Any CPU
		{F50EDA5F-FFAA-4563-A8B0-65AB30E7E248}.Homologacao|Any CPU.ActiveCfg = Homologacao|Any CPU
		{F50EDA5F-FFAA-4563-A8B0-65AB30E7E248}.Homologacao|Any CPU.Build.0 = Homologacao|Any CPU
		{F50EDA5F-FFAA-4563-A8B0-65AB30E7E248}.Homologacao|Mixed Platforms.ActiveCfg = Homologacao|Any CPU
		{F50EDA5F-FFAA-4563-A8B0-65AB30E7E248}.Homologacao|Mixed Platforms.Build.0 = Homologacao|Any CPU
		{F50EDA5F-FFAA-4563-A8B0-65AB30E7E248}.Homologacao|x64.ActiveCfg = Homologacao|Any CPU
		{F50EDA5F-FFAA-4563-A8B0-65AB30E7E248}.Homologacao|x86.ActiveCfg = Homologacao|Any CPU
		{F50EDA5F-FFAA-4563-A8B0-65AB30E7E248}.Producao|Any CPU.ActiveCfg = Producao|Any CPU
		{F50EDA5F-FFAA-4563-A8B0-65AB30E7E248}.Producao|Any CPU.Build.0 = Producao|Any CPU
		{F50EDA5F-FFAA-4563-A8B0-65AB30E7E248}.Producao|Mixed Platforms.ActiveCfg = Producao|Any CPU
		{F50EDA5F-FFAA-4563-A8B0-65AB30E7E248}.Producao|Mixed Platforms.Build.0 = Producao|Any CPU
		{F50EDA5F-FFAA-4563-A8B0-65AB30E7E248}.Producao|x64.ActiveCfg = Producao|Any CPU
		{F50EDA5F-FFAA-4563-A8B0-65AB30E7E248}.Producao|x86.ActiveCfg = Producao|Any CPU
		{F50EDA5F-FFAA-4563-A8B0-65AB30E7E248}.Release|Any CPU.ActiveCfg = Release|Any CPU
		{F50EDA5F-FFAA-4563-A8B0-65AB30E7E248}.Release|Any CPU.Build.0 = Release|Any CPU
		{F50EDA5F-FFAA-4563-A8B0-65AB30E7E248}.Release|Mixed Platforms.ActiveCfg = Release|Any CPU
		{F50EDA5F-FFAA-4563-A8B0-65AB30E7E248}.Release|Mixed Platforms.Build.0 = Release|Any CPU
		{F50EDA5F-FFAA-4563-A8B0-65AB30E7E248}.Release|x64.ActiveCfg = Release|Any CPU
		{F50EDA5F-FFAA-4563-A8B0-65AB30E7E248}.Release|x64.Build.0 = Release|Any CPU
		{F50EDA5F-FFAA-4563-A8B0-65AB30E7E248}.Release|x86.ActiveCfg = Release|Any CPU
		{F50EDA5F-FFAA-4563-A8B0-65AB30E7E248}.SingleImage|Any CPU.ActiveCfg = Release|Any CPU
		{F50EDA5F-FFAA-4563-A8B0-65AB30E7E248}.SingleImage|Any CPU.Build.0 = Release|Any CPU
		{F50EDA5F-FFAA-4563-A8B0-65AB30E7E248}.SingleImage|Mixed Platforms.ActiveCfg = Release|Any CPU
		{F50EDA5F-FFAA-4563-A8B0-65AB30E7E248}.SingleImage|Mixed Platforms.Build.0 = Release|Any CPU
		{F50EDA5F-FFAA-4563-A8B0-65AB30E7E248}.SingleImage|x64.ActiveCfg = Producao|Any CPU
		{F50EDA5F-FFAA-4563-A8B0-65AB30E7E248}.SingleImage|x86.ActiveCfg = Release|Any CPU
		{D7947D7C-7A4E-4B65-8DDD-9CFCBB376620}.CD_ROM|Any CPU.ActiveCfg = Release|Any CPU
		{D7947D7C-7A4E-4B65-8DDD-9CFCBB376620}.CD_ROM|Any CPU.Build.0 = Release|Any CPU
		{D7947D7C-7A4E-4B65-8DDD-9CFCBB376620}.CD_ROM|Mixed Platforms.ActiveCfg = Release|Any CPU
		{D7947D7C-7A4E-4B65-8DDD-9CFCBB376620}.CD_ROM|Mixed Platforms.Build.0 = Release|Any CPU
		{D7947D7C-7A4E-4B65-8DDD-9CFCBB376620}.CD_ROM|x64.ActiveCfg = Producao|Any CPU
		{D7947D7C-7A4E-4B65-8DDD-9CFCBB376620}.CD_ROM|x86.ActiveCfg = Release|Any CPU
		{D7947D7C-7A4E-4B65-8DDD-9CFCBB376620}.Debug|Any CPU.ActiveCfg = Debug|Any CPU
		{D7947D7C-7A4E-4B65-8DDD-9CFCBB376620}.Debug|Any CPU.Build.0 = Debug|Any CPU
		{D7947D7C-7A4E-4B65-8DDD-9CFCBB376620}.Debug|Mixed Platforms.ActiveCfg = Debug|Any CPU
		{D7947D7C-7A4E-4B65-8DDD-9CFCBB376620}.Debug|Mixed Platforms.Build.0 = Debug|Any CPU
		{D7947D7C-7A4E-4B65-8DDD-9CFCBB376620}.Debug|x64.ActiveCfg = Debug|Any CPU
		{D7947D7C-7A4E-4B65-8DDD-9CFCBB376620}.Debug|x86.ActiveCfg = Debug|Any CPU
		{D7947D7C-7A4E-4B65-8DDD-9CFCBB376620}.DVD-5|Any CPU.ActiveCfg = Debug|Any CPU
		{D7947D7C-7A4E-4B65-8DDD-9CFCBB376620}.DVD-5|Any CPU.Build.0 = Debug|Any CPU
		{D7947D7C-7A4E-4B65-8DDD-9CFCBB376620}.DVD-5|Mixed Platforms.ActiveCfg = Debug|Any CPU
		{D7947D7C-7A4E-4B65-8DDD-9CFCBB376620}.DVD-5|Mixed Platforms.Build.0 = Debug|Any CPU
		{D7947D7C-7A4E-4B65-8DDD-9CFCBB376620}.DVD-5|x64.ActiveCfg = Debug|Any CPU
		{D7947D7C-7A4E-4B65-8DDD-9CFCBB376620}.DVD-5|x86.ActiveCfg = Debug|Any CPU
		{D7947D7C-7A4E-4B65-8DDD-9CFCBB376620}.Homologacao|Any CPU.ActiveCfg = Homologacao|Any CPU
		{D7947D7C-7A4E-4B65-8DDD-9CFCBB376620}.Homologacao|Any CPU.Build.0 = Homologacao|Any CPU
		{D7947D7C-7A4E-4B65-8DDD-9CFCBB376620}.Homologacao|Mixed Platforms.ActiveCfg = Homologacao|Any CPU
		{D7947D7C-7A4E-4B65-8DDD-9CFCBB376620}.Homologacao|Mixed Platforms.Build.0 = Homologacao|Any CPU
		{D7947D7C-7A4E-4B65-8DDD-9CFCBB376620}.Homologacao|x64.ActiveCfg = Homologacao|Any CPU
		{D7947D7C-7A4E-4B65-8DDD-9CFCBB376620}.Homologacao|x86.ActiveCfg = Homologacao|Any CPU
		{D7947D7C-7A4E-4B65-8DDD-9CFCBB376620}.Producao|Any CPU.ActiveCfg = Producao|Any CPU
		{D7947D7C-7A4E-4B65-8DDD-9CFCBB376620}.Producao|Any CPU.Build.0 = Producao|Any CPU
		{D7947D7C-7A4E-4B65-8DDD-9CFCBB376620}.Producao|Mixed Platforms.ActiveCfg = Producao|Any CPU
		{D7947D7C-7A4E-4B65-8DDD-9CFCBB376620}.Producao|Mixed Platforms.Build.0 = Producao|Any CPU
		{D7947D7C-7A4E-4B65-8DDD-9CFCBB376620}.Producao|x64.ActiveCfg = Producao|Any CPU
		{D7947D7C-7A4E-4B65-8DDD-9CFCBB376620}.Producao|x86.ActiveCfg = Producao|Any CPU
		{D7947D7C-7A4E-4B65-8DDD-9CFCBB376620}.Release|Any CPU.ActiveCfg = Release|Any CPU
		{D7947D7C-7A4E-4B65-8DDD-9CFCBB376620}.Release|Any CPU.Build.0 = Release|Any CPU
		{D7947D7C-7A4E-4B65-8DDD-9CFCBB376620}.Release|Mixed Platforms.ActiveCfg = Release|Any CPU
		{D7947D7C-7A4E-4B65-8DDD-9CFCBB376620}.Release|Mixed Platforms.Build.0 = Release|Any CPU
		{D7947D7C-7A4E-4B65-8DDD-9CFCBB376620}.Release|x64.ActiveCfg = Release|Any CPU
		{D7947D7C-7A4E-4B65-8DDD-9CFCBB376620}.Release|x64.Build.0 = Release|Any CPU
		{D7947D7C-7A4E-4B65-8DDD-9CFCBB376620}.Release|x86.ActiveCfg = Release|Any CPU
		{D7947D7C-7A4E-4B65-8DDD-9CFCBB376620}.SingleImage|Any CPU.ActiveCfg = Release|Any CPU
		{D7947D7C-7A4E-4B65-8DDD-9CFCBB376620}.SingleImage|Any CPU.Build.0 = Release|Any CPU
		{D7947D7C-7A4E-4B65-8DDD-9CFCBB376620}.SingleImage|Mixed Platforms.ActiveCfg = Release|Any CPU
		{D7947D7C-7A4E-4B65-8DDD-9CFCBB376620}.SingleImage|Mixed Platforms.Build.0 = Release|Any CPU
		{D7947D7C-7A4E-4B65-8DDD-9CFCBB376620}.SingleImage|x64.ActiveCfg = Producao|Any CPU
		{D7947D7C-7A4E-4B65-8DDD-9CFCBB376620}.SingleImage|x86.ActiveCfg = Release|Any CPU
		{701B1CD5-DC07-43BE-8045-19579838D934}.CD_ROM|Any CPU.ActiveCfg = Producao|Any CPU
		{701B1CD5-DC07-43BE-8045-19579838D934}.CD_ROM|Any CPU.Build.0 = Producao|Any CPU
		{701B1CD5-DC07-43BE-8045-19579838D934}.CD_ROM|Mixed Platforms.ActiveCfg = Release|x86
		{701B1CD5-DC07-43BE-8045-19579838D934}.CD_ROM|Mixed Platforms.Build.0 = Release|x86
		{701B1CD5-DC07-43BE-8045-19579838D934}.CD_ROM|x64.ActiveCfg = Homologacao|Any CPU
		{701B1CD5-DC07-43BE-8045-19579838D934}.CD_ROM|x86.ActiveCfg = Release|x86
		{701B1CD5-DC07-43BE-8045-19579838D934}.CD_ROM|x86.Build.0 = Release|x86
		{701B1CD5-DC07-43BE-8045-19579838D934}.Debug|Any CPU.ActiveCfg = Debug|x86
		{701B1CD5-DC07-43BE-8045-19579838D934}.Debug|Mixed Platforms.ActiveCfg = Debug|Any CPU
		{701B1CD5-DC07-43BE-8045-19579838D934}.Debug|Mixed Platforms.Build.0 = Debug|Any CPU
		{701B1CD5-DC07-43BE-8045-19579838D934}.Debug|x64.ActiveCfg = Debug|Any CPU
		{701B1CD5-DC07-43BE-8045-19579838D934}.Debug|x86.ActiveCfg = Debug|x86
		{701B1CD5-DC07-43BE-8045-19579838D934}.Debug|x86.Build.0 = Debug|x86
		{701B1CD5-DC07-43BE-8045-19579838D934}.DVD-5|Any CPU.ActiveCfg = Debug|Any CPU
		{701B1CD5-DC07-43BE-8045-19579838D934}.DVD-5|Any CPU.Build.0 = Debug|Any CPU
		{701B1CD5-DC07-43BE-8045-19579838D934}.DVD-5|Mixed Platforms.ActiveCfg = Debug|x86
		{701B1CD5-DC07-43BE-8045-19579838D934}.DVD-5|Mixed Platforms.Build.0 = Debug|x86
		{701B1CD5-DC07-43BE-8045-19579838D934}.DVD-5|x64.ActiveCfg = Debug|Any CPU
		{701B1CD5-DC07-43BE-8045-19579838D934}.DVD-5|x86.ActiveCfg = Debug|x86
		{701B1CD5-DC07-43BE-8045-19579838D934}.DVD-5|x86.Build.0 = Debug|x86
		{701B1CD5-DC07-43BE-8045-19579838D934}.Homologacao|Any CPU.ActiveCfg = Homologacao|x86
		{701B1CD5-DC07-43BE-8045-19579838D934}.Homologacao|Mixed Platforms.ActiveCfg = Homologacao|x86
		{701B1CD5-DC07-43BE-8045-19579838D934}.Homologacao|Mixed Platforms.Build.0 = Homologacao|x86
		{701B1CD5-DC07-43BE-8045-19579838D934}.Homologacao|x64.ActiveCfg = Homologacao|Any CPU
		{701B1CD5-DC07-43BE-8045-19579838D934}.Homologacao|x86.ActiveCfg = Homologacao|x86
		{701B1CD5-DC07-43BE-8045-19579838D934}.Homologacao|x86.Build.0 = Homologacao|x86
		{701B1CD5-DC07-43BE-8045-19579838D934}.Producao|Any CPU.ActiveCfg = Producao|x86
		{701B1CD5-DC07-43BE-8045-19579838D934}.Producao|Any CPU.Build.0 = Producao|x86
		{701B1CD5-DC07-43BE-8045-19579838D934}.Producao|Mixed Platforms.ActiveCfg = Producao|x86
		{701B1CD5-DC07-43BE-8045-19579838D934}.Producao|Mixed Platforms.Build.0 = Producao|x86
		{701B1CD5-DC07-43BE-8045-19579838D934}.Producao|x64.ActiveCfg = Producao|Any CPU
		{701B1CD5-DC07-43BE-8045-19579838D934}.Producao|x86.ActiveCfg = Producao|x86
		{701B1CD5-DC07-43BE-8045-19579838D934}.Producao|x86.Build.0 = Producao|x86
		{701B1CD5-DC07-43BE-8045-19579838D934}.Release|Any CPU.ActiveCfg = Release|x86
		{701B1CD5-DC07-43BE-8045-19579838D934}.Release|Mixed Platforms.ActiveCfg = Release|x86
		{701B1CD5-DC07-43BE-8045-19579838D934}.Release|Mixed Platforms.Build.0 = Release|x86
		{701B1CD5-DC07-43BE-8045-19579838D934}.Release|x64.ActiveCfg = Release|Any CPU
		{701B1CD5-DC07-43BE-8045-19579838D934}.Release|x64.Build.0 = Release|Any CPU
		{701B1CD5-DC07-43BE-8045-19579838D934}.Release|x86.ActiveCfg = Release|x86
		{701B1CD5-DC07-43BE-8045-19579838D934}.Release|x86.Build.0 = Release|x86
		{701B1CD5-DC07-43BE-8045-19579838D934}.SingleImage|Any CPU.ActiveCfg = Producao|Any CPU
		{701B1CD5-DC07-43BE-8045-19579838D934}.SingleImage|Any CPU.Build.0 = Producao|Any CPU
		{701B1CD5-DC07-43BE-8045-19579838D934}.SingleImage|Mixed Platforms.ActiveCfg = Release|x86
		{701B1CD5-DC07-43BE-8045-19579838D934}.SingleImage|Mixed Platforms.Build.0 = Release|x86
		{701B1CD5-DC07-43BE-8045-19579838D934}.SingleImage|x64.ActiveCfg = Homologacao|Any CPU
		{701B1CD5-DC07-43BE-8045-19579838D934}.SingleImage|x86.ActiveCfg = Release|x86
		{701B1CD5-DC07-43BE-8045-19579838D934}.SingleImage|x86.Build.0 = Release|x86
		{DF43E0F3-CC14-4A23-BF7D-A7460125421C}.CD_ROM|Any CPU.ActiveCfg = Release|Any CPU
		{DF43E0F3-CC14-4A23-BF7D-A7460125421C}.CD_ROM|Any CPU.Build.0 = Release|Any CPU
		{DF43E0F3-CC14-4A23-BF7D-A7460125421C}.CD_ROM|Mixed Platforms.ActiveCfg = Release|Any CPU
		{DF43E0F3-CC14-4A23-BF7D-A7460125421C}.CD_ROM|Mixed Platforms.Build.0 = Release|Any CPU
		{DF43E0F3-CC14-4A23-BF7D-A7460125421C}.CD_ROM|x64.ActiveCfg = Debug|Any CPU
		{DF43E0F3-CC14-4A23-BF7D-A7460125421C}.CD_ROM|x86.ActiveCfg = Release|Any CPU
		{DF43E0F3-CC14-4A23-BF7D-A7460125421C}.Debug|Any CPU.ActiveCfg = Debug|Any CPU
		{DF43E0F3-CC14-4A23-BF7D-A7460125421C}.Debug|Any CPU.Build.0 = Debug|Any CPU
		{DF43E0F3-CC14-4A23-BF7D-A7460125421C}.Debug|Mixed Platforms.ActiveCfg = Debug|Any CPU
		{DF43E0F3-CC14-4A23-BF7D-A7460125421C}.Debug|Mixed Platforms.Build.0 = Debug|Any CPU
		{DF43E0F3-CC14-4A23-BF7D-A7460125421C}.Debug|x64.ActiveCfg = Debug|Any CPU
		{DF43E0F3-CC14-4A23-BF7D-A7460125421C}.Debug|x86.ActiveCfg = Debug|Any CPU
		{DF43E0F3-CC14-4A23-BF7D-A7460125421C}.DVD-5|Any CPU.ActiveCfg = Debug|Any CPU
		{DF43E0F3-CC14-4A23-BF7D-A7460125421C}.DVD-5|Any CPU.Build.0 = Debug|Any CPU
		{DF43E0F3-CC14-4A23-BF7D-A7460125421C}.DVD-5|Mixed Platforms.ActiveCfg = Debug|Any CPU
		{DF43E0F3-CC14-4A23-BF7D-A7460125421C}.DVD-5|Mixed Platforms.Build.0 = Debug|Any CPU
		{DF43E0F3-CC14-4A23-BF7D-A7460125421C}.DVD-5|x64.ActiveCfg = Debug|Any CPU
		{DF43E0F3-CC14-4A23-BF7D-A7460125421C}.DVD-5|x86.ActiveCfg = Debug|Any CPU
		{DF43E0F3-CC14-4A23-BF7D-A7460125421C}.Homologacao|Any CPU.ActiveCfg = Release|Any CPU
		{DF43E0F3-CC14-4A23-BF7D-A7460125421C}.Homologacao|Any CPU.Build.0 = Release|Any CPU
		{DF43E0F3-CC14-4A23-BF7D-A7460125421C}.Homologacao|Mixed Platforms.ActiveCfg = Release|Any CPU
		{DF43E0F3-CC14-4A23-BF7D-A7460125421C}.Homologacao|Mixed Platforms.Build.0 = Release|Any CPU
		{DF43E0F3-CC14-4A23-BF7D-A7460125421C}.Homologacao|x64.ActiveCfg = Debug|Any CPU
		{DF43E0F3-CC14-4A23-BF7D-A7460125421C}.Homologacao|x86.ActiveCfg = Release|Any CPU
		{DF43E0F3-CC14-4A23-BF7D-A7460125421C}.Producao|Any CPU.ActiveCfg = Release|Any CPU
		{DF43E0F3-CC14-4A23-BF7D-A7460125421C}.Producao|Any CPU.Build.0 = Release|Any CPU
		{DF43E0F3-CC14-4A23-BF7D-A7460125421C}.Producao|Mixed Platforms.ActiveCfg = Release|Any CPU
		{DF43E0F3-CC14-4A23-BF7D-A7460125421C}.Producao|Mixed Platforms.Build.0 = Release|Any CPU
		{DF43E0F3-CC14-4A23-BF7D-A7460125421C}.Producao|x64.ActiveCfg = Debug|Any CPU
		{DF43E0F3-CC14-4A23-BF7D-A7460125421C}.Producao|x86.ActiveCfg = Release|Any CPU
		{DF43E0F3-CC14-4A23-BF7D-A7460125421C}.Release|Any CPU.ActiveCfg = Release|Any CPU
		{DF43E0F3-CC14-4A23-BF7D-A7460125421C}.Release|Any CPU.Build.0 = Release|Any CPU
		{DF43E0F3-CC14-4A23-BF7D-A7460125421C}.Release|Mixed Platforms.ActiveCfg = Release|Any CPU
		{DF43E0F3-CC14-4A23-BF7D-A7460125421C}.Release|Mixed Platforms.Build.0 = Release|Any CPU
		{DF43E0F3-CC14-4A23-BF7D-A7460125421C}.Release|x64.ActiveCfg = Release|Any CPU
		{DF43E0F3-CC14-4A23-BF7D-A7460125421C}.Release|x64.Build.0 = Release|Any CPU
		{DF43E0F3-CC14-4A23-BF7D-A7460125421C}.Release|x86.ActiveCfg = Release|Any CPU
		{DF43E0F3-CC14-4A23-BF7D-A7460125421C}.SingleImage|Any CPU.ActiveCfg = Release|Any CPU
		{DF43E0F3-CC14-4A23-BF7D-A7460125421C}.SingleImage|Any CPU.Build.0 = Release|Any CPU
		{DF43E0F3-CC14-4A23-BF7D-A7460125421C}.SingleImage|Mixed Platforms.ActiveCfg = Release|Any CPU
		{DF43E0F3-CC14-4A23-BF7D-A7460125421C}.SingleImage|Mixed Platforms.Build.0 = Release|Any CPU
		{DF43E0F3-CC14-4A23-BF7D-A7460125421C}.SingleImage|x64.ActiveCfg = Debug|Any CPU
		{DF43E0F3-CC14-4A23-BF7D-A7460125421C}.SingleImage|x86.ActiveCfg = Release|Any CPU
		{B9CF43FB-2C0C-41A5-BBE8-E9EFF0C577B0}.CD_ROM|Any CPU.ActiveCfg = Release|Any CPU
		{B9CF43FB-2C0C-41A5-BBE8-E9EFF0C577B0}.CD_ROM|Any CPU.Build.0 = Release|Any CPU
		{B9CF43FB-2C0C-41A5-BBE8-E9EFF0C577B0}.CD_ROM|Mixed Platforms.ActiveCfg = Release|Any CPU
		{B9CF43FB-2C0C-41A5-BBE8-E9EFF0C577B0}.CD_ROM|Mixed Platforms.Build.0 = Release|Any CPU
		{B9CF43FB-2C0C-41A5-BBE8-E9EFF0C577B0}.CD_ROM|x64.ActiveCfg = Debug|Any CPU
		{B9CF43FB-2C0C-41A5-BBE8-E9EFF0C577B0}.CD_ROM|x86.ActiveCfg = Release|Any CPU
		{B9CF43FB-2C0C-41A5-BBE8-E9EFF0C577B0}.Debug|Any CPU.ActiveCfg = Debug|Any CPU
		{B9CF43FB-2C0C-41A5-BBE8-E9EFF0C577B0}.Debug|Any CPU.Build.0 = Debug|Any CPU
		{B9CF43FB-2C0C-41A5-BBE8-E9EFF0C577B0}.Debug|Mixed Platforms.ActiveCfg = Debug|Any CPU
		{B9CF43FB-2C0C-41A5-BBE8-E9EFF0C577B0}.Debug|Mixed Platforms.Build.0 = Debug|Any CPU
		{B9CF43FB-2C0C-41A5-BBE8-E9EFF0C577B0}.Debug|x64.ActiveCfg = Debug|Any CPU
		{B9CF43FB-2C0C-41A5-BBE8-E9EFF0C577B0}.Debug|x86.ActiveCfg = Debug|Any CPU
		{B9CF43FB-2C0C-41A5-BBE8-E9EFF0C577B0}.DVD-5|Any CPU.ActiveCfg = Debug|Any CPU
		{B9CF43FB-2C0C-41A5-BBE8-E9EFF0C577B0}.DVD-5|Any CPU.Build.0 = Debug|Any CPU
		{B9CF43FB-2C0C-41A5-BBE8-E9EFF0C577B0}.DVD-5|Mixed Platforms.ActiveCfg = Debug|Any CPU
		{B9CF43FB-2C0C-41A5-BBE8-E9EFF0C577B0}.DVD-5|Mixed Platforms.Build.0 = Debug|Any CPU
		{B9CF43FB-2C0C-41A5-BBE8-E9EFF0C577B0}.DVD-5|x64.ActiveCfg = Debug|Any CPU
		{B9CF43FB-2C0C-41A5-BBE8-E9EFF0C577B0}.DVD-5|x86.ActiveCfg = Debug|Any CPU
		{B9CF43FB-2C0C-41A5-BBE8-E9EFF0C577B0}.Homologacao|Any CPU.ActiveCfg = Release|Any CPU
		{B9CF43FB-2C0C-41A5-BBE8-E9EFF0C577B0}.Homologacao|Any CPU.Build.0 = Release|Any CPU
		{B9CF43FB-2C0C-41A5-BBE8-E9EFF0C577B0}.Homologacao|Mixed Platforms.ActiveCfg = Release|Any CPU
		{B9CF43FB-2C0C-41A5-BBE8-E9EFF0C577B0}.Homologacao|Mixed Platforms.Build.0 = Release|Any CPU
		{B9CF43FB-2C0C-41A5-BBE8-E9EFF0C577B0}.Homologacao|x64.ActiveCfg = Debug|Any CPU
		{B9CF43FB-2C0C-41A5-BBE8-E9EFF0C577B0}.Homologacao|x86.ActiveCfg = Release|Any CPU
		{B9CF43FB-2C0C-41A5-BBE8-E9EFF0C577B0}.Producao|Any CPU.ActiveCfg = Release|Any CPU
		{B9CF43FB-2C0C-41A5-BBE8-E9EFF0C577B0}.Producao|Any CPU.Build.0 = Release|Any CPU
		{B9CF43FB-2C0C-41A5-BBE8-E9EFF0C577B0}.Producao|Mixed Platforms.ActiveCfg = Release|Any CPU
		{B9CF43FB-2C0C-41A5-BBE8-E9EFF0C577B0}.Producao|Mixed Platforms.Build.0 = Release|Any CPU
		{B9CF43FB-2C0C-41A5-BBE8-E9EFF0C577B0}.Producao|x64.ActiveCfg = Debug|Any CPU
		{B9CF43FB-2C0C-41A5-BBE8-E9EFF0C577B0}.Producao|x86.ActiveCfg = Release|Any CPU
		{B9CF43FB-2C0C-41A5-BBE8-E9EFF0C577B0}.Release|Any CPU.ActiveCfg = Release|Any CPU
		{B9CF43FB-2C0C-41A5-BBE8-E9EFF0C577B0}.Release|Any CPU.Build.0 = Release|Any CPU
		{B9CF43FB-2C0C-41A5-BBE8-E9EFF0C577B0}.Release|Mixed Platforms.ActiveCfg = Release|Any CPU
		{B9CF43FB-2C0C-41A5-BBE8-E9EFF0C577B0}.Release|Mixed Platforms.Build.0 = Release|Any CPU
		{B9CF43FB-2C0C-41A5-BBE8-E9EFF0C577B0}.Release|x64.ActiveCfg = Release|Any CPU
		{B9CF43FB-2C0C-41A5-BBE8-E9EFF0C577B0}.Release|x64.Build.0 = Release|Any CPU
		{B9CF43FB-2C0C-41A5-BBE8-E9EFF0C577B0}.Release|x86.ActiveCfg = Release|Any CPU
		{B9CF43FB-2C0C-41A5-BBE8-E9EFF0C577B0}.SingleImage|Any CPU.ActiveCfg = Release|Any CPU
		{B9CF43FB-2C0C-41A5-BBE8-E9EFF0C577B0}.SingleImage|Any CPU.Build.0 = Release|Any CPU
		{B9CF43FB-2C0C-41A5-BBE8-E9EFF0C577B0}.SingleImage|Mixed Platforms.ActiveCfg = Release|Any CPU
		{B9CF43FB-2C0C-41A5-BBE8-E9EFF0C577B0}.SingleImage|Mixed Platforms.Build.0 = Release|Any CPU
		{B9CF43FB-2C0C-41A5-BBE8-E9EFF0C577B0}.SingleImage|x64.ActiveCfg = Debug|Any CPU
		{B9CF43FB-2C0C-41A5-BBE8-E9EFF0C577B0}.SingleImage|x86.ActiveCfg = Release|Any CPU
		{470D28E9-8088-457D-8F19-33BEFAB7D116}.CD_ROM|Any CPU.ActiveCfg = Producao|Any CPU
		{470D28E9-8088-457D-8F19-33BEFAB7D116}.CD_ROM|Any CPU.Build.0 = Producao|Any CPU
		{470D28E9-8088-457D-8F19-33BEFAB7D116}.CD_ROM|Mixed Platforms.ActiveCfg = Producao|Any CPU
		{470D28E9-8088-457D-8F19-33BEFAB7D116}.CD_ROM|Mixed Platforms.Build.0 = Producao|Any CPU
		{470D28E9-8088-457D-8F19-33BEFAB7D116}.CD_ROM|x64.ActiveCfg = Release|Any CPU
		{470D28E9-8088-457D-8F19-33BEFAB7D116}.CD_ROM|x86.ActiveCfg = Producao|Any CPU
		{470D28E9-8088-457D-8F19-33BEFAB7D116}.Debug|Any CPU.ActiveCfg = Debug|Any CPU
		{470D28E9-8088-457D-8F19-33BEFAB7D116}.Debug|Any CPU.Build.0 = Debug|Any CPU
		{470D28E9-8088-457D-8F19-33BEFAB7D116}.Debug|Mixed Platforms.ActiveCfg = Debug|Any CPU
		{470D28E9-8088-457D-8F19-33BEFAB7D116}.Debug|Mixed Platforms.Build.0 = Debug|Any CPU
		{470D28E9-8088-457D-8F19-33BEFAB7D116}.Debug|x64.ActiveCfg = Debug|Any CPU
		{470D28E9-8088-457D-8F19-33BEFAB7D116}.Debug|x86.ActiveCfg = Debug|Any CPU
		{470D28E9-8088-457D-8F19-33BEFAB7D116}.DVD-5|Any CPU.ActiveCfg = Debug|Any CPU
		{470D28E9-8088-457D-8F19-33BEFAB7D116}.DVD-5|Any CPU.Build.0 = Debug|Any CPU
		{470D28E9-8088-457D-8F19-33BEFAB7D116}.DVD-5|Mixed Platforms.ActiveCfg = Debug|Any CPU
		{470D28E9-8088-457D-8F19-33BEFAB7D116}.DVD-5|Mixed Platforms.Build.0 = Debug|Any CPU
		{470D28E9-8088-457D-8F19-33BEFAB7D116}.DVD-5|x64.ActiveCfg = Debug|Any CPU
		{470D28E9-8088-457D-8F19-33BEFAB7D116}.DVD-5|x86.ActiveCfg = Debug|Any CPU
		{470D28E9-8088-457D-8F19-33BEFAB7D116}.Homologacao|Any CPU.ActiveCfg = Homologacao|Any CPU
		{470D28E9-8088-457D-8F19-33BEFAB7D116}.Homologacao|Any CPU.Build.0 = Homologacao|Any CPU
		{470D28E9-8088-457D-8F19-33BEFAB7D116}.Homologacao|Mixed Platforms.ActiveCfg = Homologacao|Any CPU
		{470D28E9-8088-457D-8F19-33BEFAB7D116}.Homologacao|Mixed Platforms.Build.0 = Homologacao|Any CPU
		{470D28E9-8088-457D-8F19-33BEFAB7D116}.Homologacao|x64.ActiveCfg = Homologacao|Any CPU
		{470D28E9-8088-457D-8F19-33BEFAB7D116}.Homologacao|x86.ActiveCfg = Homologacao|Any CPU
		{470D28E9-8088-457D-8F19-33BEFAB7D116}.Producao|Any CPU.ActiveCfg = Producao|Any CPU
		{470D28E9-8088-457D-8F19-33BEFAB7D116}.Producao|Any CPU.Build.0 = Producao|Any CPU
		{470D28E9-8088-457D-8F19-33BEFAB7D116}.Producao|Mixed Platforms.ActiveCfg = Producao|Any CPU
		{470D28E9-8088-457D-8F19-33BEFAB7D116}.Producao|Mixed Platforms.Build.0 = Producao|Any CPU
		{470D28E9-8088-457D-8F19-33BEFAB7D116}.Producao|x64.ActiveCfg = Producao|Any CPU
		{470D28E9-8088-457D-8F19-33BEFAB7D116}.Producao|x86.ActiveCfg = Producao|Any CPU
		{470D28E9-8088-457D-8F19-33BEFAB7D116}.Release|Any CPU.ActiveCfg = Release|Any CPU
		{470D28E9-8088-457D-8F19-33BEFAB7D116}.Release|Any CPU.Build.0 = Release|Any CPU
		{470D28E9-8088-457D-8F19-33BEFAB7D116}.Release|Mixed Platforms.ActiveCfg = Release|Any CPU
		{470D28E9-8088-457D-8F19-33BEFAB7D116}.Release|Mixed Platforms.Build.0 = Release|Any CPU
		{470D28E9-8088-457D-8F19-33BEFAB7D116}.Release|x64.ActiveCfg = Release|Any CPU
		{470D28E9-8088-457D-8F19-33BEFAB7D116}.Release|x64.Build.0 = Release|Any CPU
		{470D28E9-8088-457D-8F19-33BEFAB7D116}.Release|x86.ActiveCfg = Release|Any CPU
		{470D28E9-8088-457D-8F19-33BEFAB7D116}.SingleImage|Any CPU.ActiveCfg = Producao|Any CPU
		{470D28E9-8088-457D-8F19-33BEFAB7D116}.SingleImage|Any CPU.Build.0 = Producao|Any CPU
		{470D28E9-8088-457D-8F19-33BEFAB7D116}.SingleImage|Mixed Platforms.ActiveCfg = Producao|Any CPU
		{470D28E9-8088-457D-8F19-33BEFAB7D116}.SingleImage|Mixed Platforms.Build.0 = Producao|Any CPU
		{470D28E9-8088-457D-8F19-33BEFAB7D116}.SingleImage|x64.ActiveCfg = Release|Any CPU
		{470D28E9-8088-457D-8F19-33BEFAB7D116}.SingleImage|x86.ActiveCfg = Producao|Any CPU
		{A2DD1DD7-EB44-486F-AC7E-5F8B07D182CD}.CD_ROM|Any CPU.ActiveCfg = Release|Any CPU
		{A2DD1DD7-EB44-486F-AC7E-5F8B07D182CD}.CD_ROM|Any CPU.Build.0 = Release|Any CPU
		{A2DD1DD7-EB44-486F-AC7E-5F8B07D182CD}.CD_ROM|Mixed Platforms.ActiveCfg = Release|Any CPU
		{A2DD1DD7-EB44-486F-AC7E-5F8B07D182CD}.CD_ROM|Mixed Platforms.Build.0 = Release|Any CPU
		{A2DD1DD7-EB44-486F-AC7E-5F8B07D182CD}.CD_ROM|x64.ActiveCfg = Debug|Any CPU
		{A2DD1DD7-EB44-486F-AC7E-5F8B07D182CD}.CD_ROM|x86.ActiveCfg = Release|Any CPU
		{A2DD1DD7-EB44-486F-AC7E-5F8B07D182CD}.Debug|Any CPU.ActiveCfg = Debug|Any CPU
		{A2DD1DD7-EB44-486F-AC7E-5F8B07D182CD}.Debug|Any CPU.Build.0 = Debug|Any CPU
		{A2DD1DD7-EB44-486F-AC7E-5F8B07D182CD}.Debug|Mixed Platforms.ActiveCfg = Debug|Any CPU
		{A2DD1DD7-EB44-486F-AC7E-5F8B07D182CD}.Debug|Mixed Platforms.Build.0 = Debug|Any CPU
		{A2DD1DD7-EB44-486F-AC7E-5F8B07D182CD}.Debug|x64.ActiveCfg = Debug|Any CPU
		{A2DD1DD7-EB44-486F-AC7E-5F8B07D182CD}.Debug|x86.ActiveCfg = Debug|Any CPU
		{A2DD1DD7-EB44-486F-AC7E-5F8B07D182CD}.DVD-5|Any CPU.ActiveCfg = Debug|Any CPU
		{A2DD1DD7-EB44-486F-AC7E-5F8B07D182CD}.DVD-5|Any CPU.Build.0 = Debug|Any CPU
		{A2DD1DD7-EB44-486F-AC7E-5F8B07D182CD}.DVD-5|Mixed Platforms.ActiveCfg = Debug|Any CPU
		{A2DD1DD7-EB44-486F-AC7E-5F8B07D182CD}.DVD-5|Mixed Platforms.Build.0 = Debug|Any CPU
		{A2DD1DD7-EB44-486F-AC7E-5F8B07D182CD}.DVD-5|x64.ActiveCfg = Debug|Any CPU
		{A2DD1DD7-EB44-486F-AC7E-5F8B07D182CD}.DVD-5|x86.ActiveCfg = Debug|Any CPU
		{A2DD1DD7-EB44-486F-AC7E-5F8B07D182CD}.Homologacao|Any CPU.ActiveCfg = Release|Any CPU
		{A2DD1DD7-EB44-486F-AC7E-5F8B07D182CD}.Homologacao|Any CPU.Build.0 = Release|Any CPU
		{A2DD1DD7-EB44-486F-AC7E-5F8B07D182CD}.Homologacao|Mixed Platforms.ActiveCfg = Release|Any CPU
		{A2DD1DD7-EB44-486F-AC7E-5F8B07D182CD}.Homologacao|Mixed Platforms.Build.0 = Release|Any CPU
		{A2DD1DD7-EB44-486F-AC7E-5F8B07D182CD}.Homologacao|x64.ActiveCfg = Debug|Any CPU
		{A2DD1DD7-EB44-486F-AC7E-5F8B07D182CD}.Homologacao|x86.ActiveCfg = Release|Any CPU
		{A2DD1DD7-EB44-486F-AC7E-5F8B07D182CD}.Producao|Any CPU.ActiveCfg = Release|Any CPU
		{A2DD1DD7-EB44-486F-AC7E-5F8B07D182CD}.Producao|Any CPU.Build.0 = Release|Any CPU
		{A2DD1DD7-EB44-486F-AC7E-5F8B07D182CD}.Producao|Mixed Platforms.ActiveCfg = Release|Any CPU
		{A2DD1DD7-EB44-486F-AC7E-5F8B07D182CD}.Producao|Mixed Platforms.Build.0 = Release|Any CPU
		{A2DD1DD7-EB44-486F-AC7E-5F8B07D182CD}.Producao|x64.ActiveCfg = Debug|Any CPU
		{A2DD1DD7-EB44-486F-AC7E-5F8B07D182CD}.Producao|x86.ActiveCfg = Release|Any CPU
		{A2DD1DD7-EB44-486F-AC7E-5F8B07D182CD}.Release|Any CPU.ActiveCfg = Release|Any CPU
		{A2DD1DD7-EB44-486F-AC7E-5F8B07D182CD}.Release|Any CPU.Build.0 = Release|Any CPU
		{A2DD1DD7-EB44-486F-AC7E-5F8B07D182CD}.Release|Mixed Platforms.ActiveCfg = Release|Any CPU
		{A2DD1DD7-EB44-486F-AC7E-5F8B07D182CD}.Release|Mixed Platforms.Build.0 = Release|Any CPU
		{A2DD1DD7-EB44-486F-AC7E-5F8B07D182CD}.Release|x64.ActiveCfg = Release|Any CPU
		{A2DD1DD7-EB44-486F-AC7E-5F8B07D182CD}.Release|x64.Build.0 = Release|Any CPU
		{A2DD1DD7-EB44-486F-AC7E-5F8B07D182CD}.Release|x86.ActiveCfg = Release|Any CPU
		{A2DD1DD7-EB44-486F-AC7E-5F8B07D182CD}.SingleImage|Any CPU.ActiveCfg = Release|Any CPU
		{A2DD1DD7-EB44-486F-AC7E-5F8B07D182CD}.SingleImage|Any CPU.Build.0 = Release|Any CPU
		{A2DD1DD7-EB44-486F-AC7E-5F8B07D182CD}.SingleImage|Mixed Platforms.ActiveCfg = Release|Any CPU
		{A2DD1DD7-EB44-486F-AC7E-5F8B07D182CD}.SingleImage|Mixed Platforms.Build.0 = Release|Any CPU
		{A2DD1DD7-EB44-486F-AC7E-5F8B07D182CD}.SingleImage|x64.ActiveCfg = Debug|Any CPU
		{A2DD1DD7-EB44-486F-AC7E-5F8B07D182CD}.SingleImage|x86.ActiveCfg = Release|Any CPU
		{425BA05F-9334-4ED8-8679-3B8662DB8654}.CD_ROM|Any CPU.ActiveCfg = Release|Any CPU
		{425BA05F-9334-4ED8-8679-3B8662DB8654}.CD_ROM|Any CPU.Build.0 = Release|Any CPU
		{425BA05F-9334-4ED8-8679-3B8662DB8654}.CD_ROM|Mixed Platforms.ActiveCfg = Release|Any CPU
		{425BA05F-9334-4ED8-8679-3B8662DB8654}.CD_ROM|Mixed Platforms.Build.0 = Release|Any CPU
		{425BA05F-9334-4ED8-8679-3B8662DB8654}.CD_ROM|x64.ActiveCfg = Release|Any CPU
		{425BA05F-9334-4ED8-8679-3B8662DB8654}.CD_ROM|x86.ActiveCfg = Release|Any CPU
		{425BA05F-9334-4ED8-8679-3B8662DB8654}.Debug|Any CPU.ActiveCfg = Debug|Any CPU
		{425BA05F-9334-4ED8-8679-3B8662DB8654}.Debug|Any CPU.Build.0 = Debug|Any CPU
		{425BA05F-9334-4ED8-8679-3B8662DB8654}.Debug|Mixed Platforms.ActiveCfg = Debug|Any CPU
		{425BA05F-9334-4ED8-8679-3B8662DB8654}.Debug|Mixed Platforms.Build.0 = Debug|Any CPU
		{425BA05F-9334-4ED8-8679-3B8662DB8654}.Debug|x64.ActiveCfg = Debug|Any CPU
		{425BA05F-9334-4ED8-8679-3B8662DB8654}.Debug|x86.ActiveCfg = Debug|Any CPU
		{425BA05F-9334-4ED8-8679-3B8662DB8654}.DVD-5|Any CPU.ActiveCfg = Debug|Any CPU
		{425BA05F-9334-4ED8-8679-3B8662DB8654}.DVD-5|Any CPU.Build.0 = Debug|Any CPU
		{425BA05F-9334-4ED8-8679-3B8662DB8654}.DVD-5|Mixed Platforms.ActiveCfg = Debug|Any CPU
		{425BA05F-9334-4ED8-8679-3B8662DB8654}.DVD-5|Mixed Platforms.Build.0 = Debug|Any CPU
		{425BA05F-9334-4ED8-8679-3B8662DB8654}.DVD-5|x64.ActiveCfg = Debug|Any CPU
		{425BA05F-9334-4ED8-8679-3B8662DB8654}.DVD-5|x86.ActiveCfg = Debug|Any CPU
		{425BA05F-9334-4ED8-8679-3B8662DB8654}.Homologacao|Any CPU.ActiveCfg = Release|Any CPU
		{425BA05F-9334-4ED8-8679-3B8662DB8654}.Homologacao|Any CPU.Build.0 = Release|Any CPU
		{425BA05F-9334-4ED8-8679-3B8662DB8654}.Homologacao|Mixed Platforms.ActiveCfg = Release|Any CPU
		{425BA05F-9334-4ED8-8679-3B8662DB8654}.Homologacao|Mixed Platforms.Build.0 = Release|Any CPU
		{425BA05F-9334-4ED8-8679-3B8662DB8654}.Homologacao|x64.ActiveCfg = Release|Any CPU
		{425BA05F-9334-4ED8-8679-3B8662DB8654}.Homologacao|x86.ActiveCfg = Release|Any CPU
		{425BA05F-9334-4ED8-8679-3B8662DB8654}.Producao|Any CPU.ActiveCfg = Release|Any CPU
		{425BA05F-9334-4ED8-8679-3B8662DB8654}.Producao|Any CPU.Build.0 = Release|Any CPU
		{425BA05F-9334-4ED8-8679-3B8662DB8654}.Producao|Mixed Platforms.ActiveCfg = Release|Any CPU
		{425BA05F-9334-4ED8-8679-3B8662DB8654}.Producao|Mixed Platforms.Build.0 = Release|Any CPU
		{425BA05F-9334-4ED8-8679-3B8662DB8654}.Producao|x64.ActiveCfg = Release|Any CPU
		{425BA05F-9334-4ED8-8679-3B8662DB8654}.Producao|x86.ActiveCfg = Release|Any CPU
		{425BA05F-9334-4ED8-8679-3B8662DB8654}.Release|Any CPU.ActiveCfg = Release|Any CPU
		{425BA05F-9334-4ED8-8679-3B8662DB8654}.Release|Any CPU.Build.0 = Release|Any CPU
		{425BA05F-9334-4ED8-8679-3B8662DB8654}.Release|Mixed Platforms.ActiveCfg = Release|Any CPU
		{425BA05F-9334-4ED8-8679-3B8662DB8654}.Release|Mixed Platforms.Build.0 = Release|Any CPU
		{425BA05F-9334-4ED8-8679-3B8662DB8654}.Release|x64.ActiveCfg = Release|Any CPU
		{425BA05F-9334-4ED8-8679-3B8662DB8654}.Release|x86.ActiveCfg = Release|Any CPU
		{425BA05F-9334-4ED8-8679-3B8662DB8654}.SingleImage|Any CPU.ActiveCfg = Release|Any CPU
		{425BA05F-9334-4ED8-8679-3B8662DB8654}.SingleImage|Any CPU.Build.0 = Release|Any CPU
		{425BA05F-9334-4ED8-8679-3B8662DB8654}.SingleImage|Mixed Platforms.ActiveCfg = Release|Any CPU
		{425BA05F-9334-4ED8-8679-3B8662DB8654}.SingleImage|Mixed Platforms.Build.0 = Release|Any CPU
		{425BA05F-9334-4ED8-8679-3B8662DB8654}.SingleImage|x64.ActiveCfg = Release|Any CPU
		{425BA05F-9334-4ED8-8679-3B8662DB8654}.SingleImage|x86.ActiveCfg = Release|Any CPU
		{B4E2AA68-1EFF-410B-B14C-E0EA18BCA751}.CD_ROM|Any CPU.ActiveCfg = Release|Any CPU
		{B4E2AA68-1EFF-410B-B14C-E0EA18BCA751}.CD_ROM|Any CPU.Build.0 = Release|Any CPU
		{B4E2AA68-1EFF-410B-B14C-E0EA18BCA751}.CD_ROM|Mixed Platforms.ActiveCfg = Release|Any CPU
		{B4E2AA68-1EFF-410B-B14C-E0EA18BCA751}.CD_ROM|Mixed Platforms.Build.0 = Release|Any CPU
		{B4E2AA68-1EFF-410B-B14C-E0EA18BCA751}.CD_ROM|x64.ActiveCfg = Release|Any CPU
		{B4E2AA68-1EFF-410B-B14C-E0EA18BCA751}.CD_ROM|x86.ActiveCfg = Release|Any CPU
		{B4E2AA68-1EFF-410B-B14C-E0EA18BCA751}.Debug|Any CPU.ActiveCfg = Debug|Any CPU
		{B4E2AA68-1EFF-410B-B14C-E0EA18BCA751}.Debug|Any CPU.Build.0 = Debug|Any CPU
		{B4E2AA68-1EFF-410B-B14C-E0EA18BCA751}.Debug|Mixed Platforms.ActiveCfg = Debug|Any CPU
		{B4E2AA68-1EFF-410B-B14C-E0EA18BCA751}.Debug|Mixed Platforms.Build.0 = Debug|Any CPU
		{B4E2AA68-1EFF-410B-B14C-E0EA18BCA751}.Debug|x64.ActiveCfg = Debug|Any CPU
		{B4E2AA68-1EFF-410B-B14C-E0EA18BCA751}.Debug|x86.ActiveCfg = Debug|Any CPU
		{B4E2AA68-1EFF-410B-B14C-E0EA18BCA751}.DVD-5|Any CPU.ActiveCfg = Debug|Any CPU
		{B4E2AA68-1EFF-410B-B14C-E0EA18BCA751}.DVD-5|Any CPU.Build.0 = Debug|Any CPU
		{B4E2AA68-1EFF-410B-B14C-E0EA18BCA751}.DVD-5|Mixed Platforms.ActiveCfg = Debug|Any CPU
		{B4E2AA68-1EFF-410B-B14C-E0EA18BCA751}.DVD-5|Mixed Platforms.Build.0 = Debug|Any CPU
		{B4E2AA68-1EFF-410B-B14C-E0EA18BCA751}.DVD-5|x64.ActiveCfg = Debug|Any CPU
		{B4E2AA68-1EFF-410B-B14C-E0EA18BCA751}.DVD-5|x86.ActiveCfg = Debug|Any CPU
		{B4E2AA68-1EFF-410B-B14C-E0EA18BCA751}.Homologacao|Any CPU.ActiveCfg = Release|Any CPU
		{B4E2AA68-1EFF-410B-B14C-E0EA18BCA751}.Homologacao|Any CPU.Build.0 = Release|Any CPU
		{B4E2AA68-1EFF-410B-B14C-E0EA18BCA751}.Homologacao|Mixed Platforms.ActiveCfg = Release|Any CPU
		{B4E2AA68-1EFF-410B-B14C-E0EA18BCA751}.Homologacao|Mixed Platforms.Build.0 = Release|Any CPU
		{B4E2AA68-1EFF-410B-B14C-E0EA18BCA751}.Homologacao|x64.ActiveCfg = Release|Any CPU
		{B4E2AA68-1EFF-410B-B14C-E0EA18BCA751}.Homologacao|x86.ActiveCfg = Release|Any CPU
		{B4E2AA68-1EFF-410B-B14C-E0EA18BCA751}.Producao|Any CPU.ActiveCfg = Release|Any CPU
		{B4E2AA68-1EFF-410B-B14C-E0EA18BCA751}.Producao|Any CPU.Build.0 = Release|Any CPU
		{B4E2AA68-1EFF-410B-B14C-E0EA18BCA751}.Producao|Mixed Platforms.ActiveCfg = Release|Any CPU
		{B4E2AA68-1EFF-410B-B14C-E0EA18BCA751}.Producao|Mixed Platforms.Build.0 = Release|Any CPU
		{B4E2AA68-1EFF-410B-B14C-E0EA18BCA751}.Producao|x64.ActiveCfg = Release|Any CPU
		{B4E2AA68-1EFF-410B-B14C-E0EA18BCA751}.Producao|x86.ActiveCfg = Release|Any CPU
		{B4E2AA68-1EFF-410B-B14C-E0EA18BCA751}.Release|Any CPU.ActiveCfg = Release|Any CPU
		{B4E2AA68-1EFF-410B-B14C-E0EA18BCA751}.Release|Any CPU.Build.0 = Release|Any CPU
		{B4E2AA68-1EFF-410B-B14C-E0EA18BCA751}.Release|Mixed Platforms.ActiveCfg = Release|Any CPU
		{B4E2AA68-1EFF-410B-B14C-E0EA18BCA751}.Release|Mixed Platforms.Build.0 = Release|Any CPU
		{B4E2AA68-1EFF-410B-B14C-E0EA18BCA751}.Release|x64.ActiveCfg = Release|Any CPU
		{B4E2AA68-1EFF-410B-B14C-E0EA18BCA751}.Release|x86.ActiveCfg = Release|Any CPU
		{B4E2AA68-1EFF-410B-B14C-E0EA18BCA751}.SingleImage|Any CPU.ActiveCfg = Release|Any CPU
		{B4E2AA68-1EFF-410B-B14C-E0EA18BCA751}.SingleImage|Any CPU.Build.0 = Release|Any CPU
		{B4E2AA68-1EFF-410B-B14C-E0EA18BCA751}.SingleImage|Mixed Platforms.ActiveCfg = Release|Any CPU
		{B4E2AA68-1EFF-410B-B14C-E0EA18BCA751}.SingleImage|Mixed Platforms.Build.0 = Release|Any CPU
		{B4E2AA68-1EFF-410B-B14C-E0EA18BCA751}.SingleImage|x64.ActiveCfg = Release|Any CPU
		{B4E2AA68-1EFF-410B-B14C-E0EA18BCA751}.SingleImage|x86.ActiveCfg = Release|Any CPU
	EndGlobalSection
	GlobalSection(SolutionProperties) = preSolution
		HideSolutionNode = FALSE
	EndGlobalSection
	GlobalSection(ExtensibilityGlobals) = postSolution
		SolutionGuid = {7DE602A8-E39E-40C2-BB7E-74077A135A79}
	EndGlobalSection
	GlobalSection(TestCaseManagementSettings) = postSolution
		CategoryFile = IntegradorCoop1.vsmdi
	EndGlobalSection
EndGlobal
